// !$*UTF8*$!
{
	archiveVersion = 1;
	classes = {
	};
	objectVersion = 51;
	objects = {

/* Begin PBXBuildFile section */
		8418E350264B500000627719 /* LoginViewModel.swift in Sources */ = {isa = PBXBuildFile; fileRef = 8418E34F264B500000627719 /* LoginViewModel.swift */; };
		8418E35B264BB9A200627719 /* AnotherController.swift in Sources */ = {isa = PBXBuildFile; fileRef = 8418E35A264BB9A200627719 /* AnotherController.swift */; };
		849F8CD5264BE0A2006B78E4 /* AccountController.swift in Sources */ = {isa = PBXBuildFile; fileRef = 849F8CD4264BE0A2006B78E4 /* AccountController.swift */; };
		849F8CD8264BE462006B78E4 /* AccountViewModel.swift in Sources */ = {isa = PBXBuildFile; fileRef = 849F8CD7264BE462006B78E4 /* AccountViewModel.swift */; };
		849F8CE0264BEF92006B78E4 /* ApiModel.swift in Sources */ = {isa = PBXBuildFile; fileRef = 849F8CDF264BEF92006B78E4 /* ApiModel.swift */; };
		849F8CE3264BF040006B78E4 /* AccountModel.swift in Sources */ = {isa = PBXBuildFile; fileRef = 849F8CE2264BF040006B78E4 /* AccountModel.swift */; };
		84F0AFE4264AEDB400F2FFE9 /* AppDelegate.swift in Sources */ = {isa = PBXBuildFile; fileRef = 84F0AFE3264AEDB400F2FFE9 /* AppDelegate.swift */; };
		84F0AFE6264AEDB400F2FFE9 /* SceneDelegate.swift in Sources */ = {isa = PBXBuildFile; fileRef = 84F0AFE5264AEDB400F2FFE9 /* SceneDelegate.swift */; };
		84F0AFE8264AEDB400F2FFE9 /* ViewController.swift in Sources */ = {isa = PBXBuildFile; fileRef = 84F0AFE7264AEDB400F2FFE9 /* ViewController.swift */; };
		84F0AFEB264AEDB400F2FFE9 /* Main.storyboard in Resources */ = {isa = PBXBuildFile; fileRef = 84F0AFE9264AEDB400F2FFE9 /* Main.storyboard */; };
		84F0AFED264AEDBC00F2FFE9 /* Assets.xcassets in Resources */ = {isa = PBXBuildFile; fileRef = 84F0AFEC264AEDBC00F2FFE9 /* Assets.xcassets */; };
		84F0AFF0264AEDBC00F2FFE9 /* LaunchScreen.storyboard in Resources */ = {isa = PBXBuildFile; fileRef = 84F0AFEE264AEDBC00F2FFE9 /* LaunchScreen.storyboard */; };
		9DBBB87F90C53F7BE089B090 /* Pods_loginApp.framework in Frameworks */ = {isa = PBXBuildFile; fileRef = 0C15BFCB4F1FD1E8F04FC0AA /* Pods_loginApp.framework */; };
/* End PBXBuildFile section */

/* Begin PBXFileReference section */
		0C15BFCB4F1FD1E8F04FC0AA /* Pods_loginApp.framework */ = {isa = PBXFileReference; explicitFileType = wrapper.framework; includeInIndex = 0; path = Pods_loginApp.framework; sourceTree = BUILT_PRODUCTS_DIR; };
		169163C69EFA93E7487656D6 /* Pods-loginApp.debug.xcconfig */ = {isa = PBXFileReference; includeInIndex = 1; lastKnownFileType = text.xcconfig; name = "Pods-loginApp.debug.xcconfig"; path = "Target Support Files/Pods-loginApp/Pods-loginApp.debug.xcconfig"; sourceTree = "<group>"; };
		31A23D9ABEC2CB35565A5E5E /* Pods-loginApp.release.xcconfig */ = {isa = PBXFileReference; includeInIndex = 1; lastKnownFileType = text.xcconfig; name = "Pods-loginApp.release.xcconfig"; path = "Target Support Files/Pods-loginApp/Pods-loginApp.release.xcconfig"; sourceTree = "<group>"; };
		8418E34F264B500000627719 /* LoginViewModel.swift */ = {isa = PBXFileReference; lastKnownFileType = sourcecode.swift; path = LoginViewModel.swift; sourceTree = "<group>"; };
		8418E35A264BB9A200627719 /* AnotherController.swift */ = {isa = PBXFileReference; lastKnownFileType = sourcecode.swift; path = AnotherController.swift; sourceTree = "<group>"; };
		849F8CD4264BE0A2006B78E4 /* AccountController.swift */ = {isa = PBXFileReference; lastKnownFileType = sourcecode.swift; path = AccountController.swift; sourceTree = "<group>"; };
		849F8CD7264BE462006B78E4 /* AccountViewModel.swift */ = {isa = PBXFileReference; lastKnownFileType = sourcecode.swift; path = AccountViewModel.swift; sourceTree = "<group>"; };
		849F8CDF264BEF92006B78E4 /* ApiModel.swift */ = {isa = PBXFileReference; lastKnownFileType = sourcecode.swift; path = ApiModel.swift; sourceTree = "<group>"; };
		849F8CE2264BF040006B78E4 /* AccountModel.swift */ = {isa = PBXFileReference; lastKnownFileType = sourcecode.swift; path = AccountModel.swift; sourceTree = "<group>"; };
		84F0AFE0264AEDB400F2FFE9 /* loginApp.app */ = {isa = PBXFileReference; explicitFileType = wrapper.application; includeInIndex = 0; path = loginApp.app; sourceTree = BUILT_PRODUCTS_DIR; };
		84F0AFE3264AEDB400F2FFE9 /* AppDelegate.swift */ = {isa = PBXFileReference; lastKnownFileType = sourcecode.swift; path = AppDelegate.swift; sourceTree = "<group>"; };
		84F0AFE5264AEDB400F2FFE9 /* SceneDelegate.swift */ = {isa = PBXFileReference; lastKnownFileType = sourcecode.swift; path = SceneDelegate.swift; sourceTree = "<group>"; };
		84F0AFE7264AEDB400F2FFE9 /* ViewController.swift */ = {isa = PBXFileReference; lastKnownFileType = sourcecode.swift; path = ViewController.swift; sourceTree = "<group>"; };
		84F0AFEA264AEDB400F2FFE9 /* Base */ = {isa = PBXFileReference; lastKnownFileType = file.storyboard; name = Base; path = Base.lproj/Main.storyboard; sourceTree = "<group>"; };
		84F0AFEC264AEDBC00F2FFE9 /* Assets.xcassets */ = {isa = PBXFileReference; lastKnownFileType = folder.assetcatalog; path = Assets.xcassets; sourceTree = "<group>"; };
		84F0AFEF264AEDBC00F2FFE9 /* Base */ = {isa = PBXFileReference; lastKnownFileType = file.storyboard; name = Base; path = Base.lproj/LaunchScreen.storyboard; sourceTree = "<group>"; };
		84F0AFF1264AEDBC00F2FFE9 /* Info.plist */ = {isa = PBXFileReference; lastKnownFileType = text.plist.xml; path = Info.plist; sourceTree = "<group>"; };
/* End PBXFileReference section */

/* Begin PBXFrameworksBuildPhase section */
		84F0AFDD264AEDB400F2FFE9 /* Frameworks */ = {
			isa = PBXFrameworksBuildPhase;
			buildActionMask = 2147483647;
			files = (
				9DBBB87F90C53F7BE089B090 /* Pods_loginApp.framework in Frameworks */,
			);
			runOnlyForDeploymentPostprocessing = 0;
		};
/* End PBXFrameworksBuildPhase section */

/* Begin PBXGroup section */
		8418E34E264B4FBB00627719 /* ViewModels */ = {
			isa = PBXGroup;
			children = (
				8418E34F264B500000627719 /* LoginViewModel.swift */,
				849F8CD7264BE462006B78E4 /* AccountViewModel.swift */,
			);
			path = ViewModels;
			sourceTree = "<group>";
		};
		849F8CDE264BEF7F006B78E4 /* Models */ = {
			isa = PBXGroup;
			children = (
				849F8CDF264BEF92006B78E4 /* ApiModel.swift */,
				849F8CE2264BF040006B78E4 /* AccountModel.swift */,
			);
			path = Models;
			sourceTree = "<group>";
		};
		84D112DD264C513300C9E68A /* Views */ = {
			isa = PBXGroup;
			children = (
				84F0AFE7264AEDB400F2FFE9 /* ViewController.swift */,
				849F8CD4264BE0A2006B78E4 /* AccountController.swift */,
				8418E35A264BB9A200627719 /* AnotherController.swift */,
			);
			path = Views;
			sourceTree = "<group>";
		};
		84F0AFD7264AEDB400F2FFE9 = {
			isa = PBXGroup;
			children = (
				84F0AFE2264AEDB400F2FFE9 /* loginApp */,
				84F0AFE1264AEDB400F2FFE9 /* Products */,
				BFC28A53B6167E928B884FF8 /* Pods */,
				99358AF9FEBBA4FDED002577 /* Frameworks */,
			);
			sourceTree = "<group>";
		};
		84F0AFE1264AEDB400F2FFE9 /* Products */ = {
			isa = PBXGroup;
			children = (
				84F0AFE0264AEDB400F2FFE9 /* loginApp.app */,
			);
			name = Products;
			sourceTree = "<group>";
		};
		84F0AFE2264AEDB400F2FFE9 /* loginApp */ = {
			isa = PBXGroup;
			children = (
				849F8CDE264BEF7F006B78E4 /* Models */,
				8418E34E264B4FBB00627719 /* ViewModels */,
				84D112DD264C513300C9E68A /* Views */,
				84F0AFE3264AEDB400F2FFE9 /* AppDelegate.swift */,
				84F0AFE5264AEDB400F2FFE9 /* SceneDelegate.swift */,
				84F0AFE9264AEDB400F2FFE9 /* Main.storyboard */,
				84F0AFEC264AEDBC00F2FFE9 /* Assets.xcassets */,
				84F0AFEE264AEDBC00F2FFE9 /* LaunchScreen.storyboard */,
				84F0AFF1264AEDBC00F2FFE9 /* Info.plist */,
			);
			path = loginApp;
			sourceTree = "<group>";
		};
		99358AF9FEBBA4FDED002577 /* Frameworks */ = {
			isa = PBXGroup;
			children = (
				0C15BFCB4F1FD1E8F04FC0AA /* Pods_loginApp.framework */,
			);
			name = Frameworks;
			sourceTree = "<group>";
		};
		BFC28A53B6167E928B884FF8 /* Pods */ = {
			isa = PBXGroup;
			children = (
				169163C69EFA93E7487656D6 /* Pods-loginApp.debug.xcconfig */,
				31A23D9ABEC2CB35565A5E5E /* Pods-loginApp.release.xcconfig */,
			);
			path = Pods;
			sourceTree = "<group>";
		};
/* End PBXGroup section */

/* Begin PBXNativeTarget section */
		84F0AFDF264AEDB400F2FFE9 /* loginApp */ = {
			isa = PBXNativeTarget;
			buildConfigurationList = 84F0AFF4264AEDBC00F2FFE9 /* Build configuration list for PBXNativeTarget "loginApp" */;
			buildPhases = (
				798ACCC86F7A74F5456961B6 /* [CP] Check Pods Manifest.lock */,
				84F0AFDC264AEDB400F2FFE9 /* Sources */,
				84F0AFDD264AEDB400F2FFE9 /* Frameworks */,
				84F0AFDE264AEDB400F2FFE9 /* Resources */,
				EF451BADC71D7F64E3F3DE66 /* [CP] Embed Pods Frameworks */,
			);
			buildRules = (
			);
			dependencies = (
			);
			name = loginApp;
			productName = loginApp;
			productReference = 84F0AFE0264AEDB400F2FFE9 /* loginApp.app */;
			productType = "com.apple.product-type.application";
		};
/* End PBXNativeTarget section */

/* Begin PBXProject section */
		84F0AFD8264AEDB400F2FFE9 /* Project object */ = {
			isa = PBXProject;
			attributes = {
				LastSwiftUpdateCheck = 1240;
				LastUpgradeCheck = 1240;
				TargetAttributes = {
					84F0AFDF264AEDB400F2FFE9 = {
						CreatedOnToolsVersion = 12.4;
					};
				};
			};
			buildConfigurationList = 84F0AFDB264AEDB400F2FFE9 /* Build configuration list for PBXProject "loginApp" */;
			compatibilityVersion = "Xcode 9.3";
			developmentRegion = en;
			hasScannedForEncodings = 0;
			knownRegions = (
				en,
				Base,
			);
			mainGroup = 84F0AFD7264AEDB400F2FFE9;
			productRefGroup = 84F0AFE1264AEDB400F2FFE9 /* Products */;
			projectDirPath = "";
			projectRoot = "";
			targets = (
				84F0AFDF264AEDB400F2FFE9 /* loginApp */,
			);
		};
/* End PBXProject section */

/* Begin PBXResourcesBuildPhase section */
		84F0AFDE264AEDB400F2FFE9 /* Resources */ = {
			isa = PBXResourcesBuildPhase;
			buildActionMask = 2147483647;
			files = (
				84F0AFF0264AEDBC00F2FFE9 /* LaunchScreen.storyboard in Resources */,
				84F0AFED264AEDBC00F2FFE9 /* Assets.xcassets in Resources */,
				84F0AFEB264AEDB400F2FFE9 /* Main.storyboard in Resources */,
			);
			runOnlyForDeploymentPostprocessing = 0;
		};
/* End PBXResourcesBuildPhase section */

/* Begin PBXShellScriptBuildPhase section */
		798ACCC86F7A74F5456961B6 /* [CP] Check Pods Manifest.lock */ = {
			isa = PBXShellScriptBuildPhase;
			buildActionMask = 2147483647;
			files = (
			);
			inputFileListPaths = (
			);
			inputPaths = (
				"${PODS_PODFILE_DIR_PATH}/Podfile.lock",
				"${PODS_ROOT}/Manifest.lock",
			);
			name = "[CP] Check Pods Manifest.lock";
			outputFileListPaths = (
			);
			outputPaths = (
				"$(DERIVED_FILE_DIR)/Pods-loginApp-checkManifestLockResult.txt",
			);
			runOnlyForDeploymentPostprocessing = 0;
			shellPath = /bin/sh;
			shellScript = "diff \"${PODS_PODFILE_DIR_PATH}/Podfile.lock\" \"${PODS_ROOT}/Manifest.lock\" > /dev/null\nif [ $? != 0 ] ; then\n    # print error to STDERR\n    echo \"error: The sandbox is not in sync with the Podfile.lock. Run 'pod install' or update your CocoaPods installation.\" >&2\n    exit 1\nfi\n# This output is used by Xcode 'outputs' to avoid re-running this script phase.\necho \"SUCCESS\" > \"${SCRIPT_OUTPUT_FILE_0}\"\n";
			showEnvVarsInLog = 0;
		};
		EF451BADC71D7F64E3F3DE66 /* [CP] Embed Pods Frameworks */ = {
			isa = PBXShellScriptBuildPhase;
			buildActionMask = 2147483647;
			files = (
			);
			inputFileListPaths = (
				"${PODS_ROOT}/Target Support Files/Pods-loginApp/Pods-loginApp-frameworks-${CONFIGURATION}-input-files.xcfilelist",
			);
			name = "[CP] Embed Pods Frameworks";
			outputFileListPaths = (
				"${PODS_ROOT}/Target Support Files/Pods-loginApp/Pods-loginApp-frameworks-${CONFIGURATION}-output-files.xcfilelist",
			);
			runOnlyForDeploymentPostprocessing = 0;
			shellPath = /bin/sh;
			shellScript = "\"${PODS_ROOT}/Target Support Files/Pods-loginApp/Pods-loginApp-frameworks.sh\"\n";
			showEnvVarsInLog = 0;
		};
/* End PBXShellScriptBuildPhase section */

/* Begin PBXSourcesBuildPhase section */
		84F0AFDC264AEDB400F2FFE9 /* Sources */ = {
			isa = PBXSourcesBuildPhase;
			buildActionMask = 2147483647;
			files = (
				849F8CD5264BE0A2006B78E4 /* AccountController.swift in Sources */,
				84F0AFE8264AEDB400F2FFE9 /* ViewController.swift in Sources */,
				849F8CD8264BE462006B78E4 /* AccountViewModel.swift in Sources */,
				84F0AFE4264AEDB400F2FFE9 /* AppDelegate.swift in Sources */,
				849F8CE3264BF040006B78E4 /* AccountModel.swift in Sources */,
				8418E350264B500000627719 /* LoginViewModel.swift in Sources */,
				84F0AFE6264AEDB400F2FFE9 /* SceneDelegate.swift in Sources */,
				849F8CE0264BEF92006B78E4 /* ApiModel.swift in Sources */,
				8418E35B264BB9A200627719 /* AnotherController.swift in Sources */,
			);
			runOnlyForDeploymentPostprocessing = 0;
		};
/* End PBXSourcesBuildPhase section */

/* Begin PBXVariantGroup section */
		84F0AFE9264AEDB400F2FFE9 /* Main.storyboard */ = {
			isa = PBXVariantGroup;
			children = (
				84F0AFEA264AEDB400F2FFE9 /* Base */,
			);
			name = Main.storyboard;
			sourceTree = "<group>";
		};
		84F0AFEE264AEDBC00F2FFE9 /* LaunchScreen.storyboard */ = {
			isa = PBXVariantGroup;
			children = (
				84F0AFEF264AEDBC00F2FFE9 /* Base */,
			);
			name = LaunchScreen.storyboard;
			sourceTree = "<group>";
		};
/* End PBXVariantGroup section */

/* Begin XCBuildConfiguration section */
		84F0AFF2264AEDBC00F2FFE9 /* Debug */ = {
			isa = XCBuildConfiguration;
			buildSettings = {
				ALWAYS_SEARCH_USER_PATHS = NO;
				CLANG_ANALYZER_NONNULL = YES;
				CLANG_ANALYZER_NUMBER_OBJECT_CONVERSION = YES_AGGRESSIVE;
				CLANG_CXX_LANGUAGE_STANDARD = "gnu++14";
				CLANG_CXX_LIBRARY = "libc++";
				CLANG_ENABLE_MODULES = YES;
				CLANG_ENABLE_OBJC_ARC = YES;
				CLANG_ENABLE_OBJC_WEAK = YES;
				CLANG_WARN_BLOCK_CAPTURE_AUTORELEASING = YES;
				CLANG_WARN_BOOL_CONVERSION = YES;
				CLANG_WARN_COMMA = YES;
				CLANG_WARN_CONSTANT_CONVERSION = YES;
				CLANG_WARN_DEPRECATED_OBJC_IMPLEMENTATIONS = YES;
				CLANG_WARN_DIRECT_OBJC_ISA_USAGE = YES_ERROR;
				CLANG_WARN_DOCUMENTATION_COMMENTS = YES;
				CLANG_WARN_EMPTY_BODY = YES;
				CLANG_WARN_ENUM_CONVERSION = YES;
				CLANG_WARN_INFINITE_RECURSION = YES;
				CLANG_WARN_INT_CONVERSION = YES;
				CLANG_WARN_NON_LITERAL_NULL_CONVERSION = YES;
				CLANG_WARN_OBJC_IMPLICIT_RETAIN_SELF = YES;
				CLANG_WARN_OBJC_LITERAL_CONVERSION = YES;
				CLANG_WARN_OBJC_ROOT_CLASS = YES_ERROR;
				CLANG_WARN_QUOTED_INCLUDE_IN_FRAMEWORK_HEADER = YES;
				CLANG_WARN_RANGE_LOOP_ANALYSIS = YES;
				CLANG_WARN_STRICT_PROTOTYPES = YES;
				CLANG_WARN_SUSPICIOUS_MOVE = YES;
				CLANG_WARN_UNGUARDED_AVAILABILITY = YES_AGGRESSIVE;
				CLANG_WARN_UNREACHABLE_CODE = YES;
				CLANG_WARN__DUPLICATE_METHOD_MATCH = YES;
				COPY_PHASE_STRIP = NO;
				DEBUG_INFORMATION_FORMAT = dwarf;
				ENABLE_STRICT_OBJC_MSGSEND = YES;
				ENABLE_TESTABILITY = YES;
				GCC_C_LANGUAGE_STANDARD = gnu11;
				GCC_DYNAMIC_NO_PIC = NO;
				GCC_NO_COMMON_BLOCKS = YES;
				GCC_OPTIMIZATION_LEVEL = 0;
				GCC_PREPROCESSOR_DEFINITIONS = (
					"DEBUG=1",
					"$(inherited)",
				);
				GCC_WARN_64_TO_32_BIT_CONVERSION = YES;
				GCC_WARN_ABOUT_RETURN_TYPE = YES_ERROR;
				GCC_WARN_UNDECLARED_SELECTOR = YES;
				GCC_WARN_UNINITIALIZED_AUTOS = YES_AGGRESSIVE;
				GCC_WARN_UNUSED_FUNCTION = YES;
				GCC_WARN_UNUSED_VARIABLE = YES;
				IPHONEOS_DEPLOYMENT_TARGET = 14.4;
				MTL_ENABLE_DEBUG_INFO = INCLUDE_SOURCE;
				MTL_FAST_MATH = YES;
				ONLY_ACTIVE_ARCH = YES;
				SDKROOT = iphoneos;
				SWIFT_ACTIVE_COMPILATION_CONDITIONS = DEBUG;
				SWIFT_OPTIMIZATION_LEVEL = "-Onone";
			};
			name = Debug;
		};
		84F0AFF3264AEDBC00F2FFE9 /* Release */ = {
			isa = XCBuildConfiguration;
			buildSettings = {
				ALWAYS_SEARCH_USER_PATHS = NO;
				CLANG_ANALYZER_NONNULL = YES;
				CLANG_ANALYZER_NUMBER_OBJECT_CONVERSION = YES_AGGRESSIVE;
				CLANG_CXX_LANGUAGE_STANDARD = "gnu++14";
				CLANG_CXX_LIBRARY = "libc++";
				CLANG_ENABLE_MODULES = YES;
				CLANG_ENABLE_OBJC_ARC = YES;
				CLANG_ENABLE_OBJC_WEAK = YES;
				CLANG_WARN_BLOCK_CAPTURE_AUTORELEASING = YES;
				CLANG_WARN_BOOL_CONVERSION = YES;
				CLANG_WARN_COMMA = YES;
				CLANG_WARN_CONSTANT_CONVERSION = YES;
				CLANG_WARN_DEPRECATED_OBJC_IMPLEMENTATIONS = YES;
				CLANG_WARN_DIRECT_OBJC_ISA_USAGE = YES_ERROR;
				CLANG_WARN_DOCUMENTATION_COMMENTS = YES;
				CLANG_WARN_EMPTY_BODY = YES;
				CLANG_WARN_ENUM_CONVERSION = YES;
				CLANG_WARN_INFINITE_RECURSION = YES;
				CLANG_WARN_INT_CONVERSION = YES;
				CLANG_WARN_NON_LITERAL_NULL_CONVERSION = YES;
				CLANG_WARN_OBJC_IMPLICIT_RETAIN_SELF = YES;
				CLANG_WARN_OBJC_LITERAL_CONVERSION = YES;
				CLANG_WARN_OBJC_ROOT_CLASS = YES_ERROR;
				CLANG_WARN_QUOTED_INCLUDE_IN_FRAMEWORK_HEADER = YES;
				CLANG_WARN_RANGE_LOOP_ANALYSIS = YES;
				CLANG_WARN_STRICT_PROTOTYPES = YES;
				CLANG_WARN_SUSPICIOUS_MOVE = YES;
				CLANG_WARN_UNGUARDED_AVAILABILITY = YES_AGGRESSIVE;
				CLANG_WARN_UNREACHABLE_CODE = YES;
				CLANG_WARN__DUPLICATE_METHOD_MATCH = YES;
				COPY_PHASE_STRIP = NO;
				DEBUG_INFORMATION_FORMAT = "dwarf-with-dsym";
				ENABLE_NS_ASSERTIONS = NO;
				ENABLE_STRICT_OBJC_MSGSEND = YES;
				GCC_C_LANGUAGE_STANDARD = gnu11;
				GCC_NO_COMMON_BLOCKS = YES;
				GCC_WARN_64_TO_32_BIT_CONVERSION = YES;
				GCC_WARN_ABOUT_RETURN_TYPE = YES_ERROR;
				GCC_WARN_UNDECLARED_SELECTOR = YES;
				GCC_WARN_UNINITIALIZED_AUTOS = YES_AGGRESSIVE;
				GCC_WARN_UNUSED_FUNCTION = YES;
				GCC_WARN_UNUSED_VARIABLE = YES;
				IPHONEOS_DEPLOYMENT_TARGET = 14.4;
				MTL_ENABLE_DEBUG_INFO = NO;
				MTL_FAST_MATH = YES;
				SDKROOT = iphoneos;
				SWIFT_COMPILATION_MODE = wholemodule;
				SWIFT_OPTIMIZATION_LEVEL = "-O";
				VALIDATE_PRODUCT = YES;
			};
			name = Release;
		};
		84F0AFF5264AEDBC00F2FFE9 /* Debug */ = {
			isa = XCBuildConfiguration;
			baseConfigurationReference = 169163C69EFA93E7487656D6 /* Pods-loginApp.debug.xcconfig */;
			buildSettings = {
				ASSETCATALOG_COMPILER_APPICON_NAME = AppIcon;
				ASSETCATALOG_COMPILER_GLOBAL_ACCENT_COLOR_NAME = AccentColor;
				CODE_SIGN_STYLE = Automatic;
				DEVELOPMENT_TEAM = G88CX3ZHYJ;
				INFOPLIST_FILE = loginApp/Info.plist;
				IPHONEOS_DEPLOYMENT_TARGET = 9.0;
				LD_RUNPATH_SEARCH_PATHS = (
					"$(inherited)",
					"@executable_path/Frameworks",
				);
				PRODUCT_BUNDLE_IDENTIFIER = "mbaliuk-15.loginApp";
				PRODUCT_NAME = "$(TARGET_NAME)";
				SWIFT_VERSION = 5.0;
				TARGETED_DEVICE_FAMILY = "1,2";
			};
			name = Debug;
		};
		84F0AFF6264AEDBC00F2FFE9 /* Release */ = {
			isa = XCBuildConfiguration;
			baseConfigurationReference = 31A23D9ABEC2CB35565A5E5E /* Pods-loginApp.release.xcconfig */;
			buildSettings = {
				ASSETCATALOG_COMPILER_APPICON_NAME = AppIcon;
				ASSETCATALOG_COMPILER_GLOBAL_ACCENT_COLOR_NAME = AccentColor;
				CODE_SIGN_STYLE = Automatic;
				DEVELOPMENT_TEAM = G88CX3ZHYJ;
				INFOPLIST_FILE = loginApp/Info.plist;
				IPHONEOS_DEPLOYMENT_TARGET = 9.0;
				LD_RUNPATH_SEARCH_PATHS = (
					"$(inherited)",
					"@executable_path/Frameworks",
				);
				PRODUCT_BUNDLE_IDENTIFIER = "mbaliuk-15.loginApp";
				PRODUCT_NAME = "$(TARGET_NAME)";
				SWIFT_VERSION = 5.0;
				TARGETED_DEVICE_FAMILY = "1,2";
			};
			name = Release;
		};
/* End XCBuildConfiguration section */

/* Begin XCConfigurationList section */
		84F0AFDB264AEDB400F2FFE9 /* Build configuration list for PBXProject "loginApp" */ = {
			isa = XCConfigurationList;
			buildConfigurations = (
				84F0AFF2264AEDBC00F2FFE9 /* Debug */,
				84F0AFF3264AEDBC00F2FFE9 /* Release */,
			);
			defaultConfigurationIsVisible = 0;
			defaultConfigurationName = Release;
		};
		84F0AFF4264AEDBC00F2FFE9 /* Build configuration list for PBXNativeTarget "loginApp" */ = {
			isa = XCConfigurationList;
			buildConfigurations = (
				84F0AFF5264AEDBC00F2FFE9 /* Debug */,
				84F0AFF6264AEDBC00F2FFE9 /* Release */,
			);
			defaultConfigurationIsVisible = 0;
			defaultConfigurationName = Release;
		};
/* End XCConfigurationList section */
	};
	rootObject = 84F0AFD8264AEDB400F2FFE9 /* Project object */;
}
